
Microsoft Visual Studio Solution File, Format Version 12.00
# Visual Studio 2012
Project("{FAE04EC0-301F-11D3-BF4B-00C04F79EFBC}") = "LukeMapper", "LukeMapper.csproj", "{EC453CB7-80F9-4E39-A3D3-836F374066EB}"
EndProject
Project("{FAE04EC0-301F-11D3-BF4B-00C04F79EFBC}") = "LukeMapper.Benchmarks", "LukeMapper.Benchmarks\LukeMapper.Benchmarks.csproj", "{DC3EACBE-77A2-4DE5-AEA2-EDC3920B931F}"
EndProject
Project("{FAE04EC0-301F-11D3-BF4B-00C04F79EFBC}") = "LukeMapper.Tests", "LukeMapper.Tests\LukeMapper.Tests.csproj", "{8A25CEDD-2A65-460C-B772-C7AE5E931E1A}"
EndProject
Global
	GlobalSection(SolutionConfigurationPlatforms) = preSolution
		Debug|Any CPU = Debug|Any CPU
		Debug|Mixed Platforms = Debug|Mixed Platforms
		Debug|x86 = Debug|x86
		Release|Any CPU = Release|Any CPU
		Release|Mixed Platforms = Release|Mixed Platforms
		Release|x86 = Release|x86
	EndGlobalSection
	GlobalSection(ProjectConfigurationPlatforms) = postSolution
		{EC453CB7-80F9-4E39-A3D3-836F374066EB}.Debug|Any CPU.ActiveCfg = Debug|Any CPU
		{EC453CB7-80F9-4E39-A3D3-836F374066EB}.Debug|Any CPU.Build.0 = Debug|Any CPU
		{EC453CB7-80F9-4E39-A3D3-836F374066EB}.Debug|Mixed Platforms.ActiveCfg = Debug|Any CPU
		{EC453CB7-80F9-4E39-A3D3-836F374066EB}.Debug|Mixed Platforms.Build.0 = Debug|Any CPU
		{EC453CB7-80F9-4E39-A3D3-836F374066EB}.Debug|x86.ActiveCfg = Debug|Any CPU
		{EC453CB7-80F9-4E39-A3D3-836F374066EB}.Release|Any CPU.ActiveCfg = Release|Any CPU
		{EC453CB7-80F9-4E39-A3D3-836F374066EB}.Release|Any CPU.Build.0 = Release|Any CPU
		{EC453CB7-80F9-4E39-A3D3-836F374066EB}.Release|Mixed Platforms.ActiveCfg = Release|Any CPU
		{EC453CB7-80F9-4E39-A3D3-836F374066EB}.Release|Mixed Platforms.Build.0 = Release|Any CPU
		{EC453CB7-80F9-4E39-A3D3-836F374066EB}.Release|x86.ActiveCfg = Release|Any CPU
		{DC3EACBE-77A2-4DE5-AEA2-EDC3920B931F}.Debug|Any CPU.ActiveCfg = Debug|Any CPU
		{DC3EACBE-77A2-4DE5-AEA2-EDC3920B931F}.Debug|Any CPU.Build.0 = Debug|Any CPU
		{DC3EACBE-77A2-4DE5-AEA2-EDC3920B931F}.Debug|Mixed Platforms.ActiveCfg = Debug|Any CPU
		{DC3EACBE-77A2-4DE5-AEA2-EDC3920B931F}.Debug|Mixed Platforms.Build.0 = Debug|Any CPU
		{DC3EACBE-77A2-4DE5-AEA2-EDC3920B931F}.Debug|x86.ActiveCfg = Debug|Any CPU
		{DC3EACBE-77A2-4DE5-AEA2-EDC3920B931F}.Release|Any CPU.ActiveCfg = Release|Any CPU
		{DC3EACBE-77A2-4DE5-AEA2-EDC3920B931F}.Release|Any CPU.Build.0 = Release|Any CPU
		{DC3EACBE-77A2-4DE5-AEA2-EDC3920B931F}.Release|Mixed Platforms.ActiveCfg = Release|Any CPU
		{DC3EACBE-77A2-4DE5-AEA2-EDC3920B931F}.Release|Mixed Platforms.Build.0 = Release|Any CPU
		{DC3EACBE-77A2-4DE5-AEA2-EDC3920B931F}.Release|x86.ActiveCfg = Release|Any CPU
		{8A25CEDD-2A65-460C-B772-C7AE5E931E1A}.Debug|Any CPU.ActiveCfg = Debug|Any CPU
		{8A25CEDD-2A65-460C-B772-C7AE5E931E1A}.Debug|Any CPU.Build.0 = Debug|Any CPU
		{8A25CEDD-2A65-460C-B772-C7AE5E931E1A}.Debug|Mixed Platforms.ActiveCfg = Debug|Any CPU
		{8A25CEDD-2A65-460C-B772-C7AE5E931E1A}.Debug|Mixed Platforms.Build.0 = Debug|Any CPU
		{8A25CEDD-2A65-460C-B772-C7AE5E931E1A}.Debug|x86.ActiveCfg = Debug|Any CPU
		{8A25CEDD-2A65-460C-B772-C7AE5E931E1A}.Release|Any CPU.ActiveCfg = Release|Any CPU
		{8A25CEDD-2A65-460C-B772-C7AE5E931E1A}.Release|Any CPU.Build.0 = Release|Any CPU
		{8A25CEDD-2A65-460C-B772-C7AE5E931E1A}.Release|Mixed Platforms.ActiveCfg = Release|Any CPU
		{8A25CEDD-2A65-460C-B772-C7AE5E931E1A}.Release|Mixed Platforms.Build.0 = Release|Any CPU
		{8A25CEDD-2A65-460C-B772-C7AE5E931E1A}.Release|x86.ActiveCfg = Release|Any CPU
	EndGlobalSection
	GlobalSection(SolutionProperties) = preSolution
		HideSolutionNode = FALSE
	EndGlobalSection
EndGlobal
