
Microsoft Visual Studio Solution File, Format Version 11.00
# Visual Studio 2010
Project("{FAE04EC0-301F-11D3-BF4B-00C04F79EFBC}") = "LukeMapper", "LukeMapper.csproj", "{EC453CB7-80F9-4E39-A3D3-836F374066EB}"
EndProject
Global
	GlobalSection(SolutionConfigurationPlatforms) = preSolution
		Debug|Any CPU = Debug|Any CPU
		Release|Any CPU = Release|Any CPU
	EndGlobalSection
	GlobalSection(ProjectConfigurationPlatforms) = postSolution
		{EC453CB7-80F9-4E39-A3D3-836F374066EB}.Debug|Any CPU.ActiveCfg = Debug|Any CPU
		{EC453CB7-80F9-4E39-A3D3-836F374066EB}.Debug|Any CPU.Build.0 = Debug|Any CPU
		{EC453CB7-80F9-4E39-A3D3-836F374066EB}.Release|Any CPU.ActiveCfg = Release|Any CPU
		{EC453CB7-80F9-4E39-A3D3-836F374066EB}.Release|Any CPU.Build.0 = Release|Any CPU
	EndGlobalSection
	GlobalSection(SolutionProperties) = preSolution
		HideSolutionNode = FALSE
	EndGlobalSection
EndGlobal
